{
  "name": "Porfolio",
  "lockfileVersion": 3,
  "requires": true,
  "packages": {
    "": {
      "dependencies": {
        "98.css": "^0.1.21",
        "os-gui": "^0.7.3"
      }
    },
    "node_modules/@types/jquery": {
      "version": "3.5.33",
      "resolved": "https://registry.npmjs.org/@types/jquery/-/jquery-3.5.33.tgz",
      "integrity": "sha512-SeyVJXlCZpEki5F0ghuYe+L+PprQta6nRZqhONt9F13dWBtR/ftoaIbdRQ7cis7womE+X2LKhsDdDtkkDhJS6g==",
      "license": "MIT",
      "dependencies": {
        "@types/sizzle": "*"
      }
    },
    "node_modules/@types/sizzle": {
      "version": "2.3.10",
      "resolved": "https://registry.npmjs.org/@types/sizzle/-/sizzle-2.3.10.tgz",
      "integrity": "sha512-TC0dmN0K8YcWEAEfiPi5gJP14eJe30TTGjkvek3iM/1NdHHsdCA/Td6GvNndMOo/iSnIsZ4HuuhrYPDAmbxzww==",
      "license": "MIT"
    },
    "node_modules/98.css": {
      "version": "0.1.21",
      "resolved": "https://registry.npmjs.org/98.css/-/98.css-0.1.21.tgz",
      "integrity": "sha512-ddk5qtUWyapM0Bzd5jwGExoE5fdSEGrP+F5VbYjyZLf2c9UVmn6w2NPTvCsoD4BWdGsjdLjlkQGhWwWTJcYQJQ==",
      "license": "MIT"
    },
    "node_modules/os-gui": {
      "version": "0.7.3",
      "resolved": "https://registry.npmjs.org/os-gui/-/os-gui-0.7.3.tgz",
      "integrity": "sha512-n2AH7c6ZteDJpOaAr/dXkhyN061+6NmXQ60WeRCiQEOSIxZVyX5TuUyxdjbs+4W8sYahb3tkPs+PExxfsUhciw==",
      "license": "MIT",
      "dependencies": {
        "@types/jquery": "^3.5.30"
      }
    }
  }
}
